
Microsoft Visual Studio Solution File, Format Version 12.00
# Visual Studio Version 16
VisualStudioVersion = 16.0.31515.178
MinimumVisualStudioVersion = 10.0.40219.1
Project("{FAE04EC0-301F-11D3-BF4B-00C04F79EFBC}") = "DWS", "DWS.csproj", "{AC0B69C1-75B1-490D-BA13-E69CB5765AAA}"
EndProject
Global
	GlobalSection(SolutionConfigurationPlatforms) = preSolution
		Debug|Any CPU = Debug|Any CPU
		Release|Any CPU = Release|Any CPU
	EndGlobalSection
	GlobalSection(ProjectConfigurationPlatforms) = postSolution
		{AC0B69C1-75B1-490D-BA13-E69CB5765AAA}.Debug|Any CPU.ActiveCfg = Debug|Any CPU
		{AC0B69C1-75B1-490D-BA13-E69CB5765AAA}.Debug|Any CPU.Build.0 = Debug|Any CPU
		{AC0B69C1-75B1-490D-BA13-E69CB5765AAA}.Release|Any CPU.ActiveCfg = Release|Any CPU
		{AC0B69C1-75B1-490D-BA13-E69CB5765AAA}.Release|Any CPU.Build.0 = Release|Any CPU
	EndGlobalSection
	GlobalSection(SolutionProperties) = preSolution
		HideSolutionNode = FALSE
	EndGlobalSection
	GlobalSection(ExtensibilityGlobals) = postSolution
		SolutionGuid = {B9ABD4B4-088A-447A-B5B5-75DCDD73DC35}
	EndGlobalSection
EndGlobal
